
Microsoft Visual Studio Solution File, Format Version 12.00
# Visual Studio Version 17
VisualStudioVersion = 17.5.002.0
MinimumVisualStudioVersion = 10.0.40219.1
Project("{9A19103F-16F7-4668-BE54-9A1E7A4F7556}") = "Final-test", "Final-test.csproj", "{0A287AA2-C09A-4AD5-8428-D512443EA885}"
EndProject
Global
	GlobalSection(SolutionConfigurationPlatforms) = preSolution
		Debug|Any CPU = Debug|Any CPU
		Release|Any CPU = Release|Any CPU
	EndGlobalSection
	GlobalSection(ProjectConfigurationPlatforms) = postSolution
		{0A287AA2-C09A-4AD5-8428-D512443EA885}.Debug|Any CPU.ActiveCfg = Debug|Any CPU
		{0A287AA2-C09A-4AD5-8428-D512443EA885}.Debug|Any CPU.Build.0 = Debug|Any CPU
		{0A287AA2-C09A-4AD5-8428-D512443EA885}.Release|Any CPU.ActiveCfg = Release|Any CPU
		{0A287AA2-C09A-4AD5-8428-D512443EA885}.Release|Any CPU.Build.0 = Release|Any CPU
	EndGlobalSection
	GlobalSection(SolutionProperties) = preSolution
		HideSolutionNode = FALSE
	EndGlobalSection
	GlobalSection(ExtensibilityGlobals) = postSolution
		SolutionGuid = {97C8CE53-9DA4-4DE8-862D-9E1EC5B88AC5}
	EndGlobalSection
EndGlobal
